// !$*UTF8*$!
{
	archiveVersion = 1;
	classes = {
	};
	objectVersion = 60;
	objects = {

/* Begin PBXBuildFile section */
		2FAD9763203C412B000D30F8 /* config.xml in Resources */ = {isa = PBXBuildFile; fileRef = 2FAD9762203C412B000D30F8 /* config.xml */; };
		4D22ABE92AF431CB00220026 /* CapApp-SPM in Frameworks */ = {isa = PBXBuildFile; productRef = 4D22ABE82AF431CB00220026 /* CapApp-SPM */; };
		50379B232058CBB4000EE86E /* capacitor.config.json in Resources */ = {isa = PBXBuildFile; fileRef = 50379B222058CBB4000EE86E /* capacitor.config.json */; };
		504EC3081FED79650016851F /* AppDelegate.swift in Sources */ = {isa = PBXBuildFile; fileRef = 504EC3071FED79650016851F /* AppDelegate.swift */; };
		504EC30F1FED79650016851F /* Assets.xcassets in Resources */ = {isa = PBXBuildFile; fileRef = 504EC30E1FED79650016851F /* Assets.xcassets */; };
		504EC3121FED79650016851F /* LaunchScreen.storyboard in Resources */ = {isa = PBXBuildFile; fileRef = 504EC3101FED79650016851F /* LaunchScreen.storyboard */; };
		50B271D11FEDC1A000F3C39B /* public in Resources */ = {isa = PBXBuildFile; fileRef = 50B271D01FEDC1A000F3C39B /* public */; };
		9582B6832FE993A70072D4E8 /* SceneDelegate.swift in Sources */ = {isa = PBXBuildFile; fileRef = 9582B6822FE993A50072D4E8 /* SceneDelegate.swift */; };
		6B081A4DECC439923E312E1F /* OpenTubeXViewController.swift in Sources */ = {isa = PBXBuildFile; fileRef = ADD1B05EA5E47CC37630C757 /* OpenTubeXViewController.swift */; };
		360CE579A61E6545D4B4085A /* IOSNetwork.swift in Sources */ = {isa = PBXBuildFile; fileRef = CA8B617445A864BB922881E6 /* IOSNetwork.swift */; };
		742C997910E5852D79525ECA /* PoTokenPlugin.swift in Sources */ = {isa = PBXBuildFile; fileRef = 19303607D33FE53213C0CEA2 /* PoTokenPlugin.swift */; };
		0873A0054DE9E10F6B8C085D /* IOSMediaSessionPlugin.swift in Sources */ = {isa = PBXBuildFile; fileRef = A53CB956AC6BC8F43DC1864E /* IOSMediaSessionPlugin.swift */; };
		5B13C50093778C69ADEF041E /* IOSStoragePlugin.swift in Sources */ = {isa = PBXBuildFile; fileRef = EFFEF58AE86EE85681F8C5CC /* IOSStoragePlugin.swift */; };
A12790000000000000000001 /* AppTests.swift in Sources */ = {isa = PBXBuildFile; fileRef = A12790000000000000000002; };
A12790000000000000000022 /* PrivacyInfo.xcprivacy in Resources */ = {isa = PBXBuildFile; fileRef = A12790000000000000000021; };
A12790000000000000000032 = {isa = PBXBuildFile; fileRef = A12790000000000000000031; };
/* End PBXBuildFile section */

/* Begin PBXFileReference section */
		2FAD9762203C412B000D30F8 /* config.xml */ = {isa = PBXFileReference; lastKnownFileType = text.xml; path = config.xml; sourceTree = "<group>"; };
		50379B222058CBB4000EE86E /* capacitor.config.json */ = {isa = PBXFileReference; fileEncoding = 4; lastKnownFileType = text.json; path = capacitor.config.json; sourceTree = "<group>"; };
		504EC3041FED79650016851F /* App.app */ = {isa = PBXFileReference; explicitFileType = wrapper.application; includeInIndex = 0; path = App.app; sourceTree = BUILT_PRODUCTS_DIR; };
		504EC3071FED79650016851F /* AppDelegate.swift */ = {isa = PBXFileReference; lastKnownFileType = sourcecode.swift; path = AppDelegate.swift; sourceTree = "<group>"; };
		504EC30E1FED79650016851F /* Assets.xcassets */ = {isa = PBXFileReference; lastKnownFileType = folder.assetcatalog; path = Assets.xcassets; sourceTree = "<group>"; };
		504EC3111FED79650016851F /* Base */ = {isa = PBXFileReference; lastKnownFileType = file.storyboard; name = Base; path = Base.lproj/LaunchScreen.storyboard; sourceTree = "<group>"; };
		504EC3131FED79650016851F /* Info.plist */ = {isa = PBXFileReference; lastKnownFileType = text.plist.xml; path = Info.plist; sourceTree = "<group>"; };
		50B271D01FEDC1A000F3C39B /* public */ = {isa = PBXFileReference; lastKnownFileType = folder; path = public; sourceTree = "<group>"; };
		9582B6822FE993A50072D4E8 /* SceneDelegate.swift */ = {isa = PBXFileReference; lastKnownFileType = sourcecode.swift; path = SceneDelegate.swift; sourceTree = "<group>"; };
		958DCC722DB07C7200EA8C5F /* debug.xcconfig */ = {isa = PBXFileReference; lastKnownFileType = text.xcconfig; name = debug.xcconfig; path = ../debug.xcconfig; sourceTree = SOURCE_ROOT; };
		ADD1B05EA5E47CC37630C757 /* OpenTubeXViewController.swift */ = {isa = PBXFileReference; lastKnownFileType = sourcecode.swift; path = OpenTubeXViewController.swift; sourceTree = "<group>"; };
		CA8B617445A864BB922881E6 /* IOSNetwork.swift */ = {isa = PBXFileReference; lastKnownFileType = sourcecode.swift; path = IOSNetwork.swift; sourceTree = "<group>"; };
		19303607D33FE53213C0CEA2 /* PoTokenPlugin.swift */ = {isa = PBXFileReference; lastKnownFileType = sourcecode.swift; path = PoTokenPlugin.swift; sourceTree = "<group>"; };
		A53CB956AC6BC8F43DC1864E /* IOSMediaSessionPlugin.swift */ = {isa = PBXFileReference; lastKnownFileType = sourcecode.swift; path = IOSMediaSessionPlugin.swift; sourceTree = "<group>"; };
		EFFEF58AE86EE85681F8C5CC /* IOSStoragePlugin.swift */ = {isa = PBXFileReference; lastKnownFileType = sourcecode.swift; path = IOSStoragePlugin.swift; sourceTree = "<group>"; };
A12790000000000000000002 /* AppTests.swift */ = {isa = PBXFileReference; lastKnownFileType = sourcecode.swift; path = AppTests.swift; sourceTree = "<group>"; };
A12790000000000000000003 /* AppTests.xctest */ = {isa = PBXFileReference; explicitFileType = wrapper.cfbundle; path = AppTests.xctest; sourceTree = BUILT_PRODUCTS_DIR; };
A12790000000000000000021 /* PrivacyInfo.xcprivacy */ = {isa = PBXFileReference; lastKnownFileType = text.xml; path = PrivacyInfo.xcprivacy; sourceTree = "<group>"; };
/* End PBXFileReference section */

/* Begin PBXFrameworksBuildPhase section */
		504EC3011FED79650016851F /* Frameworks */ = {
			isa = PBXFrameworksBuildPhase;
			buildActionMask = 2147483647;
			files = (
				4D22ABE92AF431CB00220026 /* CapApp-SPM in Frameworks */,
			);
			runOnlyForDeploymentPostprocessing = 0;
		};
A12790000000000000000008 = {isa = PBXFrameworksBuildPhase; buildActionMask = 2147483647; files = (); runOnlyForDeploymentPostprocessing = 0; };
/* End PBXFrameworksBuildPhase section */

/* Begin PBXGroup section */
		504EC2FB1FED79650016851F = {
			isa = PBXGroup;
			children = (
				958DCC722DB07C7200EA8C5F /* debug.xcconfig */,
				504EC3061FED79650016851F /* App */,
 A12790000000000000000004 /* AppTests */,
				504EC3051FED79650016851F /* Products */,
			);
			sourceTree = "<group>";
		};
		504EC3051FED79650016851F /* Products */ = {
			isa = PBXGroup;
			children = (
				504EC3041FED79650016851F /* App.app */,
 A12790000000000000000003 /* AppTests.xctest */,
			);
			name = Products;
			sourceTree = "<group>";
		};
		504EC3061FED79650016851F /* App */ = {
			isa = PBXGroup;
			children = (
				9582B6822FE993A50072D4E8 /* SceneDelegate.swift */,
				EFFEF58AE86EE85681F8C5CC /* IOSStoragePlugin.swift */,
				A53CB956AC6BC8F43DC1864E /* IOSMediaSessionPlugin.swift */,
				19303607D33FE53213C0CEA2 /* PoTokenPlugin.swift */,
				CA8B617445A864BB922881E6 /* IOSNetwork.swift */,
				ADD1B05EA5E47CC37630C757 /* OpenTubeXViewController.swift */,
				50379B222058CBB4000EE86E /* capacitor.config.json */,
				504EC3071FED79650016851F /* AppDelegate.swift */,
				504EC30E1FED79650016851F /* Assets.xcassets */,
				504EC3101FED79650016851F /* LaunchScreen.storyboard */,
				504EC3131FED79650016851F /* Info.plist */,
A12790000000000000000031,
A12790000000000000000021,
				2FAD9762203C412B000D30F8 /* config.xml */,
				50B271D01FEDC1A000F3C39B /* public */,
			);
			path = App;
			sourceTree = "<group>";
		};
A12790000000000000000004 /* AppTests */ = {isa = PBXGroup; children = (A12790000000000000000002,); path = AppTests; sourceTree = "<group>"; };
/* End PBXGroup section */

/* Begin PBXNativeTarget section */
		504EC3031FED79650016851F /* App */ = {
			isa = PBXNativeTarget;
			buildConfigurationList = 504EC3161FED79650016851F /* Build configuration list for PBXNativeTarget "App" */;
			buildPhases = (
				504EC3001FED79650016851F /* Sources */,
				504EC3011FED79650016851F /* Frameworks */,
				504EC3021FED79650016851F /* Resources */,
			);
			buildRules = (
			);
			dependencies = (
			);
			name = App;
			packageProductDependencies = (
				4D22ABE82AF431CB00220026 /* CapApp-SPM */,
			);
			productName = App;
			productReference = 504EC3041FED79650016851F /* App.app */;
			productType = "com.apple.product-type.application";
		};
A12790000000000000000005 /* AppTests */ = {isa = PBXNativeTarget; buildConfigurationList = A12790000000000000000006; buildPhases = (A12790000000000000000007, A12790000000000000000008,); buildRules = (); dependencies = (A12790000000000000000009,); name = AppTests; productName = AppTests; productReference = A12790000000000000000003; productType = "com.apple.product-type.bundle.unit-test"; };
/* End PBXNativeTarget section */

/* Begin PBXContainerItemProxy section */
A12790000000000000000010 = {isa = PBXContainerItemProxy; containerPortal = 504EC2FC1FED79650016851F; proxyType = 1; remoteGlobalIDString = 504EC3031FED79650016851F; remoteInfo = App; };
/* End PBXContainerItemProxy section */
/* Begin PBXTargetDependency section */
A12790000000000000000009 = {isa = PBXTargetDependency; target = 504EC3031FED79650016851F; targetProxy = A12790000000000000000010; };
/* End PBXTargetDependency section */
/* Begin iOS permission localizations */
		A12791000000000000000000 = {isa = PBXFileReference; lastKnownFileType = text.plist.strings; name = "en-US"; path = "en-US.lproj/InfoPlist.strings"; sourceTree = "<group>"; };
		A12791000000000000000001 = {isa = PBXFileReference; lastKnownFileType = text.plist.strings; name = "en-GB"; path = "en-GB.lproj/InfoPlist.strings"; sourceTree = "<group>"; };
		A12791000000000000000002 = {isa = PBXFileReference; lastKnownFileType = text.plist.strings; name = "ar"; path = "ar.lproj/InfoPlist.strings"; sourceTree = "<group>"; };
		A12791000000000000000003 = {isa = PBXFileReference; lastKnownFileType = text.plist.strings; name = "az"; path = "az.lproj/InfoPlist.strings"; sourceTree = "<group>"; };
		A12791000000000000000004 = {isa = PBXFileReference; lastKnownFileType = text.plist.strings; name = "be"; path = "be.lproj/InfoPlist.strings"; sourceTree = "<group>"; };
		A12791000000000000000005 = {isa = PBXFileReference; lastKnownFileType = text.plist.strings; name = "bg"; path = "bg.lproj/InfoPlist.strings"; sourceTree = "<group>"; };
		A12791000000000000000006 = {isa = PBXFileReference; lastKnownFileType = text.plist.strings; name = "br"; path = "br.lproj/InfoPlist.strings"; sourceTree = "<group>"; };
		A12791000000000000000007 = {isa = PBXFileReference; lastKnownFileType = text.plist.strings; name = "ca"; path = "ca.lproj/InfoPlist.strings"; sourceTree = "<group>"; };
		A12791000000000000000008 = {isa = PBXFileReference; lastKnownFileType = text.plist.strings; name = "cs"; path = "cs.lproj/InfoPlist.strings"; sourceTree = "<group>"; };
		A12791000000000000000009 = {isa = PBXFileReference; lastKnownFileType = text.plist.strings; name = "cy"; path = "cy.lproj/InfoPlist.strings"; sourceTree = "<group>"; };
		A1279100000000000000000A = {isa = PBXFileReference; lastKnownFileType = text.plist.strings; name = "da"; path = "da.lproj/InfoPlist.strings"; sourceTree = "<group>"; };
		A1279100000000000000000B = {isa = PBXFileReference; lastKnownFileType = text.plist.strings; name = "de-DE"; path = "de-DE.lproj/InfoPlist.strings"; sourceTree = "<group>"; };
		A1279100000000000000000C = {isa = PBXFileReference; lastKnownFileType = text.plist.strings; name = "el"; path = "el.lproj/InfoPlist.strings"; sourceTree = "<group>"; };
		A1279100000000000000000D = {isa = PBXFileReference; lastKnownFileType = text.plist.strings; name = "es"; path = "es.lproj/InfoPlist.strings"; sourceTree = "<group>"; };
		A1279100000000000000000E = {isa = PBXFileReference; lastKnownFileType = text.plist.strings; name = "es-AR"; path = "es-AR.lproj/InfoPlist.strings"; sourceTree = "<group>"; };
		A1279100000000000000000F = {isa = PBXFileReference; lastKnownFileType = text.plist.strings; name = "es-MX"; path = "es-MX.lproj/InfoPlist.strings"; sourceTree = "<group>"; };
		A12791000000000000000010 = {isa = PBXFileReference; lastKnownFileType = text.plist.strings; name = "et"; path = "et.lproj/InfoPlist.strings"; sourceTree = "<group>"; };
		A12791000000000000000011 = {isa = PBXFileReference; lastKnownFileType = text.plist.strings; name = "eu"; path = "eu.lproj/InfoPlist.strings"; sourceTree = "<group>"; };
		A12791000000000000000012 = {isa = PBXFileReference; lastKnownFileType = text.plist.strings; name = "fa"; path = "fa.lproj/InfoPlist.strings"; sourceTree = "<group>"; };
		A12791000000000000000013 = {isa = PBXFileReference; lastKnownFileType = text.plist.strings; name = "fi"; path = "fi.lproj/InfoPlist.strings"; sourceTree = "<group>"; };
		A12791000000000000000014 = {isa = PBXFileReference; lastKnownFileType = text.plist.strings; name = "fr-FR"; path = "fr-FR.lproj/InfoPlist.strings"; sourceTree = "<group>"; };
		A12791000000000000000015 = {isa = PBXFileReference; lastKnownFileType = text.plist.strings; name = "gl"; path = "gl.lproj/InfoPlist.strings"; sourceTree = "<group>"; };
		A12791000000000000000016 = {isa = PBXFileReference; lastKnownFileType = text.plist.strings; name = "he"; path = "he.lproj/InfoPlist.strings"; sourceTree = "<group>"; };
		A12791000000000000000017 = {isa = PBXFileReference; lastKnownFileType = text.plist.strings; name = "hu"; path = "hu.lproj/InfoPlist.strings"; sourceTree = "<group>"; };
		A12791000000000000000018 = {isa = PBXFileReference; lastKnownFileType = text.plist.strings; name = "hr"; path = "hr.lproj/InfoPlist.strings"; sourceTree = "<group>"; };
		A12791000000000000000019 = {isa = PBXFileReference; lastKnownFileType = text.plist.strings; name = "id"; path = "id.lproj/InfoPlist.strings"; sourceTree = "<group>"; };
		A1279100000000000000001A = {isa = PBXFileReference; lastKnownFileType = text.plist.strings; name = "is"; path = "is.lproj/InfoPlist.strings"; sourceTree = "<group>"; };
		A1279100000000000000001B = {isa = PBXFileReference; lastKnownFileType = text.plist.strings; name = "it"; path = "it.lproj/InfoPlist.strings"; sourceTree = "<group>"; };
		A1279100000000000000001C = {isa = PBXFileReference; lastKnownFileType = text.plist.strings; name = "ja"; path = "ja.lproj/InfoPlist.strings"; sourceTree = "<group>"; };
		A1279100000000000000001D = {isa = PBXFileReference; lastKnownFileType = text.plist.strings; name = "ko"; path = "ko.lproj/InfoPlist.strings"; sourceTree = "<group>"; };
		A1279100000000000000001E = {isa = PBXFileReference; lastKnownFileType = text.plist.strings; name = "lt"; path = "lt.lproj/InfoPlist.strings"; sourceTree = "<group>"; };
		A1279100000000000000001F = {isa = PBXFileReference; lastKnownFileType = text.plist.strings; name = "nb-NO"; path = "nb-NO.lproj/InfoPlist.strings"; sourceTree = "<group>"; };
		A12791000000000000000020 = {isa = PBXFileReference; lastKnownFileType = text.plist.strings; name = "nl"; path = "nl.lproj/InfoPlist.strings"; sourceTree = "<group>"; };
		A12791000000000000000021 = {isa = PBXFileReference; lastKnownFileType = text.plist.strings; name = "nn"; path = "nn.lproj/InfoPlist.strings"; sourceTree = "<group>"; };
		A12791000000000000000022 = {isa = PBXFileReference; lastKnownFileType = text.plist.strings; name = "pl"; path = "pl.lproj/InfoPlist.strings"; sourceTree = "<group>"; };
		A12791000000000000000023 = {isa = PBXFileReference; lastKnownFileType = text.plist.strings; name = "pt"; path = "pt.lproj/InfoPlist.strings"; sourceTree = "<group>"; };
		A12791000000000000000024 = {isa = PBXFileReference; lastKnownFileType = text.plist.strings; name = "pt-BR"; path = "pt-BR.lproj/InfoPlist.strings"; sourceTree = "<group>"; };
		A12791000000000000000025 = {isa = PBXFileReference; lastKnownFileType = text.plist.strings; name = "pt-PT"; path = "pt-PT.lproj/InfoPlist.strings"; sourceTree = "<group>"; };
		A12791000000000000000026 = {isa = PBXFileReference; lastKnownFileType = text.plist.strings; name = "ro"; path = "ro.lproj/InfoPlist.strings"; sourceTree = "<group>"; };
		A12791000000000000000027 = {isa = PBXFileReference; lastKnownFileType = text.plist.strings; name = "ru"; path = "ru.lproj/InfoPlist.strings"; sourceTree = "<group>"; };
		A12791000000000000000028 = {isa = PBXFileReference; lastKnownFileType = text.plist.strings; name = "sk"; path = "sk.lproj/InfoPlist.strings"; sourceTree = "<group>"; };
		A12791000000000000000029 = {isa = PBXFileReference; lastKnownFileType = text.plist.strings; name = "sl"; path = "sl.lproj/InfoPlist.strings"; sourceTree = "<group>"; };
		A1279100000000000000002A = {isa = PBXFileReference; lastKnownFileType = text.plist.strings; name = "sr"; path = "sr.lproj/InfoPlist.strings"; sourceTree = "<group>"; };
		A1279100000000000000002B = {isa = PBXFileReference; lastKnownFileType = text.plist.strings; name = "sv"; path = "sv.lproj/InfoPlist.strings"; sourceTree = "<group>"; };
		A1279100000000000000002C = {isa = PBXFileReference; lastKnownFileType = text.plist.strings; name = "ta"; path = "ta.lproj/InfoPlist.strings"; sourceTree = "<group>"; };
		A1279100000000000000002D = {isa = PBXFileReference; lastKnownFileType = text.plist.strings; name = "tr"; path = "tr.lproj/InfoPlist.strings"; sourceTree = "<group>"; };
		A1279100000000000000002E = {isa = PBXFileReference; lastKnownFileType = text.plist.strings; name = "uk"; path = "uk.lproj/InfoPlist.strings"; sourceTree = "<group>"; };
		A1279100000000000000002F = {isa = PBXFileReference; lastKnownFileType = text.plist.strings; name = "vi"; path = "vi.lproj/InfoPlist.strings"; sourceTree = "<group>"; };
		A12791000000000000000030 = {isa = PBXFileReference; lastKnownFileType = text.plist.strings; name = "zh-CN"; path = "zh-CN.lproj/InfoPlist.strings"; sourceTree = "<group>"; };
		A12791000000000000000031 = {isa = PBXFileReference; lastKnownFileType = text.plist.strings; name = "zh-TW"; path = "zh-TW.lproj/InfoPlist.strings"; sourceTree = "<group>"; };
A12790000000000000000031 = {isa = PBXVariantGroup; children = (A12791000000000000000000,A12791000000000000000001,A12791000000000000000002,A12791000000000000000003,A12791000000000000000004,A12791000000000000000005,A12791000000000000000006,A12791000000000000000007,A12791000000000000000008,A12791000000000000000009,A1279100000000000000000A,A1279100000000000000000B,A1279100000000000000000C,A1279100000000000000000D,A1279100000000000000000E,A1279100000000000000000F,A12791000000000000000010,A12791000000000000000011,A12791000000000000000012,A12791000000000000000013,A12791000000000000000014,A12791000000000000000015,A12791000000000000000016,A12791000000000000000017,A12791000000000000000018,A12791000000000000000019,A1279100000000000000001A,A1279100000000000000001B,A1279100000000000000001C,A1279100000000000000001D,A1279100000000000000001E,A1279100000000000000001F,A12791000000000000000020,A12791000000000000000021,A12791000000000000000022,A12791000000000000000023,A12791000000000000000024,A12791000000000000000025,A12791000000000000000026,A12791000000000000000027,A12791000000000000000028,A12791000000000000000029,A1279100000000000000002A,A1279100000000000000002B,A1279100000000000000002C,A1279100000000000000002D,A1279100000000000000002E,A1279100000000000000002F,A12791000000000000000030,A12791000000000000000031,); name = InfoPlist.strings; sourceTree = "<group>"; };
/* End iOS permission localizations */
/* Begin PBXProject section */
		504EC2FC1FED79650016851F /* Project object */ = {
			isa = PBXProject;
			attributes = {
				LastSwiftUpdateCheck = 0920;
				LastUpgradeCheck = 0920;
				TargetAttributes = {
					504EC3031FED79650016851F = {
						CreatedOnToolsVersion = 9.2;
						LastSwiftMigration = 1100;
						ProvisioningStyle = Automatic;
					};
				};
			};
			buildConfigurationList = 504EC2FF1FED79650016851F /* Build configuration list for PBXProject "App" */;
			compatibilityVersion = "Xcode 8.0";
			developmentRegion = en;
			hasScannedForEncodings = 0;
			knownRegions = (
				en,
				Base,
			);
			mainGroup = 504EC2FB1FED79650016851F;
			packageReferences = (
				D4C12C0A2AAA248700AAC8A2 /* XCLocalSwiftPackageReference "CapApp-SPM" */,
			);
			productRefGroup = 504EC3051FED79650016851F /* Products */;
			projectDirPath = "";
			projectRoot = "";
			targets = (
				504EC3031FED79650016851F /* App */,
 A12790000000000000000005 /* AppTests */,
			);
		};
/* End PBXProject section */

/* Begin PBXResourcesBuildPhase section */
		504EC3021FED79650016851F /* Resources */ = {
			isa = PBXResourcesBuildPhase;
			buildActionMask = 2147483647;
			files = (
				504EC3121FED79650016851F /* LaunchScreen.storyboard in Resources */,
				50B271D11FEDC1A000F3C39B /* public in Resources */,
				504EC30F1FED79650016851F /* Assets.xcassets in Resources */,
A12790000000000000000032,
A12790000000000000000022,
				50379B232058CBB4000EE86E /* capacitor.config.json in Resources */,
				2FAD9763203C412B000D30F8 /* config.xml in Resources */,
			);
			runOnlyForDeploymentPostprocessing = 0;
		};
/* End PBXResourcesBuildPhase section */

/* Begin PBXSourcesBuildPhase section */
		504EC3001FED79650016851F /* Sources */ = {
			isa = PBXSourcesBuildPhase;
			buildActionMask = 2147483647;
			files = (
				504EC3081FED79650016851F /* AppDelegate.swift in Sources */,
				9582B6832FE993A70072D4E8 /* SceneDelegate.swift in Sources */,
				5B13C50093778C69ADEF041E /* IOSStoragePlugin.swift in Sources */,
				0873A0054DE9E10F6B8C085D /* IOSMediaSessionPlugin.swift in Sources */,
				742C997910E5852D79525ECA /* PoTokenPlugin.swift in Sources */,
				360CE579A61E6545D4B4085A /* IOSNetwork.swift in Sources */,
				6B081A4DECC439923E312E1F /* OpenTubeXViewController.swift in Sources */,
			);
			runOnlyForDeploymentPostprocessing = 0;
		};
A12790000000000000000007 = {isa = PBXSourcesBuildPhase; buildActionMask = 2147483647; files = (A12790000000000000000001,); runOnlyForDeploymentPostprocessing = 0; };
/* End PBXSourcesBuildPhase section */

/* Begin PBXVariantGroup section */
		504EC3101FED79650016851F /* LaunchScreen.storyboard */ = {
			isa = PBXVariantGroup;
			children = (
				504EC3111FED79650016851F /* Base */,
			);
			name = LaunchScreen.storyboard;
			sourceTree = "<group>";
		};
/* End PBXVariantGroup section */

/* Begin XCBuildConfiguration section */
		504EC3141FED79650016851F /* Debug */ = {
			isa = XCBuildConfiguration;
			baseConfigurationReference = 958DCC722DB07C7200EA8C5F /* debug.xcconfig */;
			buildSettings = {
				ALWAYS_SEARCH_USER_PATHS = NO;
				CLANG_ANALYZER_NONNULL = YES;
				CLANG_ANALYZER_NUMBER_OBJECT_CONVERSION = YES_AGGRESSIVE;
				CLANG_CXX_LANGUAGE_STANDARD = "gnu++14";
				CLANG_CXX_LIBRARY = "libc++";
				CLANG_ENABLE_MODULES = YES;
				CLANG_ENABLE_OBJC_ARC = YES;
				CLANG_WARN_BLOCK_CAPTURE_AUTORELEASING = YES;
				CLANG_WARN_BOOL_CONVERSION = YES;
				CLANG_WARN_COMMA = YES;
				CLANG_WARN_CONSTANT_CONVERSION = YES;
				CLANG_WARN_DIRECT_OBJC_ISA_USAGE = YES_ERROR;
				CLANG_WARN_DOCUMENTATION_COMMENTS = YES;
				CLANG_WARN_EMPTY_BODY = YES;
				CLANG_WARN_ENUM_CONVERSION = YES;
				CLANG_WARN_INFINITE_RECURSION = YES;
				CLANG_WARN_INT_CONVERSION = YES;
				CLANG_WARN_NON_LITERAL_NULL_CONVERSION = YES;
				CLANG_WARN_OBJC_LITERAL_CONVERSION = YES;
				CLANG_WARN_OBJC_ROOT_CLASS = YES_ERROR;
				CLANG_WARN_RANGE_LOOP_ANALYSIS = YES;
				CLANG_WARN_STRICT_PROTOTYPES = YES;
				CLANG_WARN_SUSPICIOUS_MOVE = YES;
				CLANG_WARN_UNGUARDED_AVAILABILITY = YES_AGGRESSIVE;
				CLANG_WARN_UNREACHABLE_CODE = YES;
				CLANG_WARN__DUPLICATE_METHOD_MATCH = YES;
				CODE_SIGN_IDENTITY = "iPhone Developer";
				COPY_PHASE_STRIP = NO;
				DEBUG_INFORMATION_FORMAT = dwarf;
				ENABLE_STRICT_OBJC_MSGSEND = YES;
				ENABLE_TESTABILITY = YES;
				GCC_C_LANGUAGE_STANDARD = gnu11;
				GCC_DYNAMIC_NO_PIC = NO;
				GCC_NO_COMMON_BLOCKS = YES;
				GCC_OPTIMIZATION_LEVEL = 0;
				GCC_PREPROCESSOR_DEFINITIONS = (
					"DEBUG=1",
					"$(inherited)",
				);
				GCC_WARN_64_TO_32_BIT_CONVERSION = YES;
				GCC_WARN_ABOUT_RETURN_TYPE = YES_ERROR;
				GCC_WARN_UNDECLARED_SELECTOR = YES;
				GCC_WARN_UNINITIALIZED_AUTOS = YES_AGGRESSIVE;
				GCC_WARN_UNUSED_FUNCTION = YES;
				GCC_WARN_UNUSED_VARIABLE = YES;
				IPHONEOS_DEPLOYMENT_TARGET = 17.4;
				MTL_ENABLE_DEBUG_INFO = YES;
				ONLY_ACTIVE_ARCH = YES;
				SDKROOT = iphoneos;
				SWIFT_ACTIVE_COMPILATION_CONDITIONS = DEBUG;
				SWIFT_OPTIMIZATION_LEVEL = "-Onone";
			};
			name = Debug;
		};
		504EC3151FED79650016851F /* Release */ = {
			isa = XCBuildConfiguration;
			buildSettings = {
				ALWAYS_SEARCH_USER_PATHS = NO;
				CLANG_ANALYZER_NONNULL = YES;
				CLANG_ANALYZER_NUMBER_OBJECT_CONVERSION = YES_AGGRESSIVE;
				CLANG_CXX_LANGUAGE_STANDARD = "gnu++14";
				CLANG_CXX_LIBRARY = "libc++";
				CLANG_ENABLE_MODULES = YES;
				CLANG_ENABLE_OBJC_ARC = YES;
				CLANG_WARN_BLOCK_CAPTURE_AUTORELEASING = YES;
				CLANG_WARN_BOOL_CONVERSION = YES;
				CLANG_WARN_COMMA = YES;
				CLANG_WARN_CONSTANT_CONVERSION = YES;
				CLANG_WARN_DIRECT_OBJC_ISA_USAGE = YES_ERROR;
				CLANG_WARN_DOCUMENTATION_COMMENTS = YES;
				CLANG_WARN_EMPTY_BODY = YES;
				CLANG_WARN_ENUM_CONVERSION = YES;
				CLANG_WARN_INFINITE_RECURSION = YES;
				CLANG_WARN_INT_CONVERSION = YES;
				CLANG_WARN_NON_LITERAL_NULL_CONVERSION = YES;
				CLANG_WARN_OBJC_LITERAL_CONVERSION = YES;
				CLANG_WARN_OBJC_ROOT_CLASS = YES_ERROR;
				CLANG_WARN_RANGE_LOOP_ANALYSIS = YES;
				CLANG_WARN_STRICT_PROTOTYPES = YES;
				CLANG_WARN_SUSPICIOUS_MOVE = YES;
				CLANG_WARN_UNGUARDED_AVAILABILITY = YES_AGGRESSIVE;
				CLANG_WARN_UNREACHABLE_CODE = YES;
				CLANG_WARN__DUPLICATE_METHOD_MATCH = YES;
				CODE_SIGN_IDENTITY = "iPhone Developer";
				COPY_PHASE_STRIP = NO;
				DEBUG_INFORMATION_FORMAT = "dwarf-with-dsym";
				ENABLE_NS_ASSERTIONS = NO;
				ENABLE_STRICT_OBJC_MSGSEND = YES;
				GCC_C_LANGUAGE_STANDARD = gnu11;
				GCC_NO_COMMON_BLOCKS = YES;
				GCC_WARN_64_TO_32_BIT_CONVERSION = YES;
				GCC_WARN_ABOUT_RETURN_TYPE = YES_ERROR;
				GCC_WARN_UNDECLARED_SELECTOR = YES;
				GCC_WARN_UNINITIALIZED_AUTOS = YES_AGGRESSIVE;
				GCC_WARN_UNUSED_FUNCTION = YES;
				GCC_WARN_UNUSED_VARIABLE = YES;
				IPHONEOS_DEPLOYMENT_TARGET = 17.4;
				MTL_ENABLE_DEBUG_INFO = NO;
				SDKROOT = iphoneos;
				SWIFT_COMPILATION_MODE = wholemodule;
				SWIFT_OPTIMIZATION_LEVEL = "-O";
				VALIDATE_PRODUCT = YES;
			};
			name = Release;
		};
		504EC3171FED79650016851F /* Debug */ = {
			isa = XCBuildConfiguration;
			baseConfigurationReference = 958DCC722DB07C7200EA8C5F /* debug.xcconfig */;
			buildSettings = {
				ASSETCATALOG_COMPILER_APPICON_NAME = AppIcon;
				CODE_SIGN_STYLE = Automatic;
				CURRENT_PROJECT_VERSION = 1;
				INFOPLIST_FILE = App/Info.plist;
				IPHONEOS_DEPLOYMENT_TARGET = 17.4;
				LD_RUNPATH_SEARCH_PATHS = (
					"$(inherited)",
					"@executable_path/Frameworks",
				);
				MARKETING_VERSION = 0.35.0;
				OTHER_SWIFT_FLAGS = "$(inherited) \"-D\" \"COCOAPODS\" \"-DDEBUG\"";
				APP_DISPLAY_NAME = "OpenTubeX Dev";
				PRODUCT_BUNDLE_IDENTIFIER = org.opentubex.app.dev;
				PRODUCT_NAME = "$(TARGET_NAME)";
				SWIFT_ACTIVE_COMPILATION_CONDITIONS = DEBUG;
				SWIFT_VERSION = 5.0;
				TARGETED_DEVICE_FAMILY = "1,2";
			};
			name = Debug;
		};
		504EC3181FED79650016851F /* Release */ = {
			isa = XCBuildConfiguration;
			buildSettings = {
				ASSETCATALOG_COMPILER_APPICON_NAME = AppIcon;
				CODE_SIGN_STYLE = Automatic;
				CURRENT_PROJECT_VERSION = 1;
				INFOPLIST_FILE = App/Info.plist;
				IPHONEOS_DEPLOYMENT_TARGET = 17.4;
				LD_RUNPATH_SEARCH_PATHS = (
					"$(inherited)",
					"@executable_path/Frameworks",
				);
				MARKETING_VERSION = 0.35.0;
				APP_DISPLAY_NAME = OpenTubeX;
				PRODUCT_BUNDLE_IDENTIFIER = org.opentubex.app;
				PRODUCT_NAME = "$(TARGET_NAME)";
				SWIFT_ACTIVE_COMPILATION_CONDITIONS = "";
				SWIFT_VERSION = 5.0;
				TARGETED_DEVICE_FAMILY = "1,2";
			};
			name = Release;
		};
A12790000000000000000011 = {isa = XCBuildConfiguration; buildSettings = {BUNDLE_LOADER = "$(TEST_HOST)"; TEST_HOST = "$(BUILT_PRODUCTS_DIR)/App.app/$(BUNDLE_EXECUTABLE_FOLDER_PATH)/App"; GENERATE_INFOPLIST_FILE = YES; CODE_SIGN_STYLE = Automatic; PRODUCT_BUNDLE_IDENTIFIER = org.opentubex.app.dev.tests; PRODUCT_NAME = "$(TARGET_NAME)"; IPHONEOS_DEPLOYMENT_TARGET = 17.4; SWIFT_VERSION = 5.0; TARGETED_DEVICE_FAMILY = "1,2"; }; name = Debug; };
A12790000000000000000012 = {isa = XCBuildConfiguration; buildSettings = {BUNDLE_LOADER = "$(TEST_HOST)"; TEST_HOST = "$(BUILT_PRODUCTS_DIR)/App.app/$(BUNDLE_EXECUTABLE_FOLDER_PATH)/App"; GENERATE_INFOPLIST_FILE = YES; CODE_SIGN_STYLE = Automatic; PRODUCT_BUNDLE_IDENTIFIER = org.opentubex.app.dev.tests; PRODUCT_NAME = "$(TARGET_NAME)"; IPHONEOS_DEPLOYMENT_TARGET = 17.4; SWIFT_VERSION = 5.0; TARGETED_DEVICE_FAMILY = "1,2"; }; name = Release; };
/* End XCBuildConfiguration section */

/* Begin XCConfigurationList section */
		504EC2FF1FED79650016851F /* Build configuration list for PBXProject "App" */ = {
			isa = XCConfigurationList;
			buildConfigurations = (
				504EC3141FED79650016851F /* Debug */,
				504EC3151FED79650016851F /* Release */,
			);
			defaultConfigurationIsVisible = 0;
			defaultConfigurationName = Release;
		};
		504EC3161FED79650016851F /* Build configuration list for PBXNativeTarget "App" */ = {
			isa = XCConfigurationList;
			buildConfigurations = (
				504EC3171FED79650016851F /* Debug */,
				504EC3181FED79650016851F /* Release */,
			);
			defaultConfigurationIsVisible = 0;
			defaultConfigurationName = Release;
		};
A12790000000000000000006 = {isa = XCConfigurationList; buildConfigurations = (A12790000000000000000011, A12790000000000000000012,); defaultConfigurationIsVisible = 0; defaultConfigurationName = Release; };
/* End XCConfigurationList section */

/* Begin XCLocalSwiftPackageReference section */
		D4C12C0A2AAA248700AAC8A2 /* XCLocalSwiftPackageReference "CapApp-SPM" */ = {
			isa = XCLocalSwiftPackageReference;
			relativePath = "CapApp-SPM";
		};
/* End XCLocalSwiftPackageReference section */

/* Begin XCSwiftPackageProductDependency section */
		4D22ABE82AF431CB00220026 /* CapApp-SPM */ = {
			isa = XCSwiftPackageProductDependency;
			package = D4C12C0A2AAA248700AAC8A2 /* XCLocalSwiftPackageReference "CapApp-SPM" */;
			productName = "CapApp-SPM";
		};
/* End XCSwiftPackageProductDependency section */
	};
	rootObject = 504EC2FC1FED79650016851F /* Project object */;
}
